
Microsoft Visual Studio Solution File, Format Version 12.00
# Visual Studio Version 17
VisualStudioVersion = 17.13.35825.156 d17.13
MinimumVisualStudioVersion = 10.0.40219.1
Project("{8BC9CEB8-8B4A-11D0-8D11-00A0C91BC942}") = "Vector", "Vector\Vector.vcxproj", "{FB77F71C-FB9C-438A-B00A-F3F782F7DA8A}"
EndProject
Global
	GlobalSection(SolutionConfigurationPlatforms) = preSolution
		Debug|x64 = Debug|x64
		Debug|x86 = Debug|x86
		Release|x64 = Release|x64
		Release|x86 = Release|x86
	EndGlobalSection
	GlobalSection(ProjectConfigurationPlatforms) = postSolution
		{FB77F71C-FB9C-438A-B00A-F3F782F7DA8A}.Debug|x64.ActiveCfg = Debug|x64
		{FB77F71C-FB9C-438A-B00A-F3F782F7DA8A}.Debug|x64.Build.0 = Debug|x64
		{FB77F71C-FB9C-438A-B00A-F3F782F7DA8A}.Debug|x86.ActiveCfg = Debug|Win32
		{FB77F71C-FB9C-438A-B00A-F3F782F7DA8A}.Debug|x86.Build.0 = Debug|Win32
		{FB77F71C-FB9C-438A-B00A-F3F782F7DA8A}.Release|x64.ActiveCfg = Release|x64
		{FB77F71C-FB9C-438A-B00A-F3F782F7DA8A}.Release|x64.Build.0 = Release|x64
		{FB77F71C-FB9C-438A-B00A-F3F782F7DA8A}.Release|x86.ActiveCfg = Release|Win32
		{FB77F71C-FB9C-438A-B00A-F3F782F7DA8A}.Release|x86.Build.0 = Release|Win32
	EndGlobalSection
	GlobalSection(SolutionProperties) = preSolution
		HideSolutionNode = FALSE
	EndGlobalSection
	GlobalSection(ExtensibilityGlobals) = postSolution
		SolutionGuid = {81FBF20D-3740-47D7-A3BF-74F6E7D079CC}
	EndGlobalSection
EndGlobal
