
Microsoft Visual Studio Solution File, Format Version 12.00
# Visual Studio Version 17
VisualStudioVersion = 17.1.32228.430
MinimumVisualStudioVersion = 10.0.40219.1
Project("{8BC9CEB8-8B4A-11D0-8D11-00A0C91BC942}") = "함수형 포인터", "함수형 포인터\함수형 포인터.vcxproj", "{0DBAD634-CC0A-4513-BA27-6B16675C3DA8}"
EndProject
Global
	GlobalSection(SolutionConfigurationPlatforms) = preSolution
		Debug|x64 = Debug|x64
		Debug|x86 = Debug|x86
		Release|x64 = Release|x64
		Release|x86 = Release|x86
	EndGlobalSection
	GlobalSection(ProjectConfigurationPlatforms) = postSolution
		{0DBAD634-CC0A-4513-BA27-6B16675C3DA8}.Debug|x64.ActiveCfg = Debug|x64
		{0DBAD634-CC0A-4513-BA27-6B16675C3DA8}.Debug|x64.Build.0 = Debug|x64
		{0DBAD634-CC0A-4513-BA27-6B16675C3DA8}.Debug|x86.ActiveCfg = Debug|Win32
		{0DBAD634-CC0A-4513-BA27-6B16675C3DA8}.Debug|x86.Build.0 = Debug|Win32
		{0DBAD634-CC0A-4513-BA27-6B16675C3DA8}.Release|x64.ActiveCfg = Release|x64
		{0DBAD634-CC0A-4513-BA27-6B16675C3DA8}.Release|x64.Build.0 = Release|x64
		{0DBAD634-CC0A-4513-BA27-6B16675C3DA8}.Release|x86.ActiveCfg = Release|Win32
		{0DBAD634-CC0A-4513-BA27-6B16675C3DA8}.Release|x86.Build.0 = Release|Win32
	EndGlobalSection
	GlobalSection(SolutionProperties) = preSolution
		HideSolutionNode = FALSE
	EndGlobalSection
	GlobalSection(ExtensibilityGlobals) = postSolution
		SolutionGuid = {E6D725FA-BAE1-4AB7-B93A-325780E61E2B}
	EndGlobalSection
EndGlobal
