
Microsoft Visual Studio Solution File, Format Version 12.00
# Visual Studio Version 17
VisualStudioVersion = 17.13.35919.96 d17.13
MinimumVisualStudioVersion = 10.0.40219.1
Project("{8BC9CEB8-8B4A-11D0-8D11-00A0C91BC942}") = "백준문제 14003 가장 긴 증가하는 수열5", "백준문제 14003 가장 긴 증가하는 수열5\백준문제 14003 가장 긴 증가하는 수열5.vcxproj", "{A7501E4A-B1A9-47DC-9190-304D25825D72}"
EndProject
Global
	GlobalSection(SolutionConfigurationPlatforms) = preSolution
		Debug|x64 = Debug|x64
		Debug|x86 = Debug|x86
		Release|x64 = Release|x64
		Release|x86 = Release|x86
	EndGlobalSection
	GlobalSection(ProjectConfigurationPlatforms) = postSolution
		{A7501E4A-B1A9-47DC-9190-304D25825D72}.Debug|x64.ActiveCfg = Debug|x64
		{A7501E4A-B1A9-47DC-9190-304D25825D72}.Debug|x64.Build.0 = Debug|x64
		{A7501E4A-B1A9-47DC-9190-304D25825D72}.Debug|x86.ActiveCfg = Debug|Win32
		{A7501E4A-B1A9-47DC-9190-304D25825D72}.Debug|x86.Build.0 = Debug|Win32
		{A7501E4A-B1A9-47DC-9190-304D25825D72}.Release|x64.ActiveCfg = Release|x64
		{A7501E4A-B1A9-47DC-9190-304D25825D72}.Release|x64.Build.0 = Release|x64
		{A7501E4A-B1A9-47DC-9190-304D25825D72}.Release|x86.ActiveCfg = Release|Win32
		{A7501E4A-B1A9-47DC-9190-304D25825D72}.Release|x86.Build.0 = Release|Win32
	EndGlobalSection
	GlobalSection(SolutionProperties) = preSolution
		HideSolutionNode = FALSE
	EndGlobalSection
	GlobalSection(ExtensibilityGlobals) = postSolution
		SolutionGuid = {2FD3D8CB-E047-4AEE-89B6-B44E0E52966B}
	EndGlobalSection
EndGlobal
