
Microsoft Visual Studio Solution File, Format Version 12.00
# Visual Studio Version 17
VisualStudioVersion = 17.1.32228.430
MinimumVisualStudioVersion = 10.0.40219.1
Project("{8BC9CEB8-8B4A-11D0-8D11-00A0C91BC942}") = "11-19c언어 복습", "11-19c언어 복습\11-19c언어 복습.vcxproj", "{7A564284-A895-4921-98CD-44FE58A988C3}"
EndProject
Global
	GlobalSection(SolutionConfigurationPlatforms) = preSolution
		Debug|x64 = Debug|x64
		Debug|x86 = Debug|x86
		Release|x64 = Release|x64
		Release|x86 = Release|x86
	EndGlobalSection
	GlobalSection(ProjectConfigurationPlatforms) = postSolution
		{7A564284-A895-4921-98CD-44FE58A988C3}.Debug|x64.ActiveCfg = Debug|x64
		{7A564284-A895-4921-98CD-44FE58A988C3}.Debug|x64.Build.0 = Debug|x64
		{7A564284-A895-4921-98CD-44FE58A988C3}.Debug|x86.ActiveCfg = Debug|Win32
		{7A564284-A895-4921-98CD-44FE58A988C3}.Debug|x86.Build.0 = Debug|Win32
		{7A564284-A895-4921-98CD-44FE58A988C3}.Release|x64.ActiveCfg = Release|x64
		{7A564284-A895-4921-98CD-44FE58A988C3}.Release|x64.Build.0 = Release|x64
		{7A564284-A895-4921-98CD-44FE58A988C3}.Release|x86.ActiveCfg = Release|Win32
		{7A564284-A895-4921-98CD-44FE58A988C3}.Release|x86.Build.0 = Release|Win32
	EndGlobalSection
	GlobalSection(SolutionProperties) = preSolution
		HideSolutionNode = FALSE
	EndGlobalSection
	GlobalSection(ExtensibilityGlobals) = postSolution
		SolutionGuid = {0F6DA173-B456-41AB-B121-F370D7CD3FB0}
	EndGlobalSection
EndGlobal
