
Microsoft Visual Studio Solution File, Format Version 12.00
# Visual Studio Version 17
VisualStudioVersion = 17.13.35919.96 d17.13
MinimumVisualStudioVersion = 10.0.40219.1
Project("{8BC9CEB8-8B4A-11D0-8D11-00A0C91BC942}") = "4-14 복사 생성자 복습", "4-14 복사 생성자 복습\4-14 복사 생성자 복습.vcxproj", "{98C6434E-D464-46B6-AC63-9F7CF99EE6DA}"
EndProject
Global
	GlobalSection(SolutionConfigurationPlatforms) = preSolution
		Debug|x64 = Debug|x64
		Debug|x86 = Debug|x86
		Release|x64 = Release|x64
		Release|x86 = Release|x86
	EndGlobalSection
	GlobalSection(ProjectConfigurationPlatforms) = postSolution
		{98C6434E-D464-46B6-AC63-9F7CF99EE6DA}.Debug|x64.ActiveCfg = Debug|x64
		{98C6434E-D464-46B6-AC63-9F7CF99EE6DA}.Debug|x64.Build.0 = Debug|x64
		{98C6434E-D464-46B6-AC63-9F7CF99EE6DA}.Debug|x86.ActiveCfg = Debug|Win32
		{98C6434E-D464-46B6-AC63-9F7CF99EE6DA}.Debug|x86.Build.0 = Debug|Win32
		{98C6434E-D464-46B6-AC63-9F7CF99EE6DA}.Release|x64.ActiveCfg = Release|x64
		{98C6434E-D464-46B6-AC63-9F7CF99EE6DA}.Release|x64.Build.0 = Release|x64
		{98C6434E-D464-46B6-AC63-9F7CF99EE6DA}.Release|x86.ActiveCfg = Release|Win32
		{98C6434E-D464-46B6-AC63-9F7CF99EE6DA}.Release|x86.Build.0 = Release|Win32
	EndGlobalSection
	GlobalSection(SolutionProperties) = preSolution
		HideSolutionNode = FALSE
	EndGlobalSection
	GlobalSection(ExtensibilityGlobals) = postSolution
		SolutionGuid = {3716A09A-93C6-4824-8FC1-9D4C95478C60}
	EndGlobalSection
EndGlobal
