
Microsoft Visual Studio Solution File, Format Version 12.00
# Visual Studio Version 17
VisualStudioVersion = 17.1.32228.430
MinimumVisualStudioVersion = 10.0.40219.1
Project("{8BC9CEB8-8B4A-11D0-8D11-00A0C91BC942}") = "Greedy Algorithm 문제 3 동전 0", "Greedy Algorithm 문제 3 동전 0\Greedy Algorithm 문제 3 동전 0.vcxproj", "{8C262799-ED44-47F5-AB80-0A56E4406F58}"
EndProject
Global
	GlobalSection(SolutionConfigurationPlatforms) = preSolution
		Debug|x64 = Debug|x64
		Debug|x86 = Debug|x86
		Release|x64 = Release|x64
		Release|x86 = Release|x86
	EndGlobalSection
	GlobalSection(ProjectConfigurationPlatforms) = postSolution
		{8C262799-ED44-47F5-AB80-0A56E4406F58}.Debug|x64.ActiveCfg = Debug|x64
		{8C262799-ED44-47F5-AB80-0A56E4406F58}.Debug|x64.Build.0 = Debug|x64
		{8C262799-ED44-47F5-AB80-0A56E4406F58}.Debug|x86.ActiveCfg = Debug|Win32
		{8C262799-ED44-47F5-AB80-0A56E4406F58}.Debug|x86.Build.0 = Debug|Win32
		{8C262799-ED44-47F5-AB80-0A56E4406F58}.Release|x64.ActiveCfg = Release|x64
		{8C262799-ED44-47F5-AB80-0A56E4406F58}.Release|x64.Build.0 = Release|x64
		{8C262799-ED44-47F5-AB80-0A56E4406F58}.Release|x86.ActiveCfg = Release|Win32
		{8C262799-ED44-47F5-AB80-0A56E4406F58}.Release|x86.Build.0 = Release|Win32
	EndGlobalSection
	GlobalSection(SolutionProperties) = preSolution
		HideSolutionNode = FALSE
	EndGlobalSection
	GlobalSection(ExtensibilityGlobals) = postSolution
		SolutionGuid = {C01E347D-6972-46EC-99B1-D3A7AB2B4E28}
	EndGlobalSection
EndGlobal
