
Microsoft Visual Studio Solution File, Format Version 12.00
# Visual Studio Version 17
VisualStudioVersion = 17.13.35919.96 d17.13
MinimumVisualStudioVersion = 10.0.40219.1
Project("{8BC9CEB8-8B4A-11D0-8D11-00A0C91BC942}") = "4-28자료구조 트리", "4-28자료구조 트리\4-28자료구조 트리.vcxproj", "{8F21D31F-A58B-4E31-8257-3BCECE0A2BA5}"
EndProject
Global
	GlobalSection(SolutionConfigurationPlatforms) = preSolution
		Debug|x64 = Debug|x64
		Debug|x86 = Debug|x86
		Release|x64 = Release|x64
		Release|x86 = Release|x86
	EndGlobalSection
	GlobalSection(ProjectConfigurationPlatforms) = postSolution
		{8F21D31F-A58B-4E31-8257-3BCECE0A2BA5}.Debug|x64.ActiveCfg = Debug|x64
		{8F21D31F-A58B-4E31-8257-3BCECE0A2BA5}.Debug|x64.Build.0 = Debug|x64
		{8F21D31F-A58B-4E31-8257-3BCECE0A2BA5}.Debug|x86.ActiveCfg = Debug|Win32
		{8F21D31F-A58B-4E31-8257-3BCECE0A2BA5}.Debug|x86.Build.0 = Debug|Win32
		{8F21D31F-A58B-4E31-8257-3BCECE0A2BA5}.Release|x64.ActiveCfg = Release|x64
		{8F21D31F-A58B-4E31-8257-3BCECE0A2BA5}.Release|x64.Build.0 = Release|x64
		{8F21D31F-A58B-4E31-8257-3BCECE0A2BA5}.Release|x86.ActiveCfg = Release|Win32
		{8F21D31F-A58B-4E31-8257-3BCECE0A2BA5}.Release|x86.Build.0 = Release|Win32
	EndGlobalSection
	GlobalSection(SolutionProperties) = preSolution
		HideSolutionNode = FALSE
	EndGlobalSection
	GlobalSection(ExtensibilityGlobals) = postSolution
		SolutionGuid = {7509FF10-BB62-4A54-9488-967F90219477}
	EndGlobalSection
EndGlobal
