
Microsoft Visual Studio Solution File, Format Version 12.00
# Visual Studio Version 17
VisualStudioVersion = 17.13.35919.96 d17.13
MinimumVisualStudioVersion = 10.0.40219.1
Project("{8BC9CEB8-8B4A-11D0-8D11-00A0C91BC942}") = "7-17백준코딩문제", "7-17백준코딩문제\7-17백준코딩문제.vcxproj", "{2AB84935-BC8A-4C0B-8F9F-33032B6725E5}"
EndProject
Global
	GlobalSection(SolutionConfigurationPlatforms) = preSolution
		Debug|x64 = Debug|x64
		Debug|x86 = Debug|x86
		Release|x64 = Release|x64
		Release|x86 = Release|x86
	EndGlobalSection
	GlobalSection(ProjectConfigurationPlatforms) = postSolution
		{2AB84935-BC8A-4C0B-8F9F-33032B6725E5}.Debug|x64.ActiveCfg = Debug|x64
		{2AB84935-BC8A-4C0B-8F9F-33032B6725E5}.Debug|x64.Build.0 = Debug|x64
		{2AB84935-BC8A-4C0B-8F9F-33032B6725E5}.Debug|x86.ActiveCfg = Debug|Win32
		{2AB84935-BC8A-4C0B-8F9F-33032B6725E5}.Debug|x86.Build.0 = Debug|Win32
		{2AB84935-BC8A-4C0B-8F9F-33032B6725E5}.Release|x64.ActiveCfg = Release|x64
		{2AB84935-BC8A-4C0B-8F9F-33032B6725E5}.Release|x64.Build.0 = Release|x64
		{2AB84935-BC8A-4C0B-8F9F-33032B6725E5}.Release|x86.ActiveCfg = Release|Win32
		{2AB84935-BC8A-4C0B-8F9F-33032B6725E5}.Release|x86.Build.0 = Release|Win32
	EndGlobalSection
	GlobalSection(SolutionProperties) = preSolution
		HideSolutionNode = FALSE
	EndGlobalSection
	GlobalSection(ExtensibilityGlobals) = postSolution
		SolutionGuid = {06AFEDF8-C236-404D-A6A7-C9FD0F06D4D2}
	EndGlobalSection
EndGlobal
