
Microsoft Visual Studio Solution File, Format Version 12.00
# Visual Studio Version 17
VisualStudioVersion = 17.13.35919.96 d17.13
MinimumVisualStudioVersion = 10.0.40219.1
Project("{8BC9CEB8-8B4A-11D0-8D11-00A0C91BC942}") = "Project72", "Project72\Project72.vcxproj", "{C9661F90-83CB-448B-B20C-5A8232D20F2F}"
EndProject
Global
	GlobalSection(SolutionConfigurationPlatforms) = preSolution
		Debug|x64 = Debug|x64
		Debug|x86 = Debug|x86
		Release|x64 = Release|x64
		Release|x86 = Release|x86
	EndGlobalSection
	GlobalSection(ProjectConfigurationPlatforms) = postSolution
		{C9661F90-83CB-448B-B20C-5A8232D20F2F}.Debug|x64.ActiveCfg = Debug|x64
		{C9661F90-83CB-448B-B20C-5A8232D20F2F}.Debug|x64.Build.0 = Debug|x64
		{C9661F90-83CB-448B-B20C-5A8232D20F2F}.Debug|x86.ActiveCfg = Debug|Win32
		{C9661F90-83CB-448B-B20C-5A8232D20F2F}.Debug|x86.Build.0 = Debug|Win32
		{C9661F90-83CB-448B-B20C-5A8232D20F2F}.Release|x64.ActiveCfg = Release|x64
		{C9661F90-83CB-448B-B20C-5A8232D20F2F}.Release|x64.Build.0 = Release|x64
		{C9661F90-83CB-448B-B20C-5A8232D20F2F}.Release|x86.ActiveCfg = Release|Win32
		{C9661F90-83CB-448B-B20C-5A8232D20F2F}.Release|x86.Build.0 = Release|Win32
	EndGlobalSection
	GlobalSection(SolutionProperties) = preSolution
		HideSolutionNode = FALSE
	EndGlobalSection
	GlobalSection(ExtensibilityGlobals) = postSolution
		SolutionGuid = {DC63B20D-BC96-41E7-B9F0-B44EF31A8B91}
	EndGlobalSection
EndGlobal
