
Microsoft Visual Studio Solution File, Format Version 12.00
# Visual Studio Version 17
VisualStudioVersion = 17.1.32228.430
MinimumVisualStudioVersion = 10.0.40219.1
Project("{8BC9CEB8-8B4A-11D0-8D11-00A0C91BC942}") = "main함수로의 인자 전달", "main함수로의 인자 전달\main함수로의 인자 전달.vcxproj", "{4A170C54-8725-4AA9-AEA0-D05A343F2EA4}"
EndProject
Global
	GlobalSection(SolutionConfigurationPlatforms) = preSolution
		Debug|x64 = Debug|x64
		Debug|x86 = Debug|x86
		Release|x64 = Release|x64
		Release|x86 = Release|x86
	EndGlobalSection
	GlobalSection(ProjectConfigurationPlatforms) = postSolution
		{4A170C54-8725-4AA9-AEA0-D05A343F2EA4}.Debug|x64.ActiveCfg = Debug|x64
		{4A170C54-8725-4AA9-AEA0-D05A343F2EA4}.Debug|x64.Build.0 = Debug|x64
		{4A170C54-8725-4AA9-AEA0-D05A343F2EA4}.Debug|x86.ActiveCfg = Debug|Win32
		{4A170C54-8725-4AA9-AEA0-D05A343F2EA4}.Debug|x86.Build.0 = Debug|Win32
		{4A170C54-8725-4AA9-AEA0-D05A343F2EA4}.Release|x64.ActiveCfg = Release|x64
		{4A170C54-8725-4AA9-AEA0-D05A343F2EA4}.Release|x64.Build.0 = Release|x64
		{4A170C54-8725-4AA9-AEA0-D05A343F2EA4}.Release|x86.ActiveCfg = Release|Win32
		{4A170C54-8725-4AA9-AEA0-D05A343F2EA4}.Release|x86.Build.0 = Release|Win32
	EndGlobalSection
	GlobalSection(SolutionProperties) = preSolution
		HideSolutionNode = FALSE
	EndGlobalSection
	GlobalSection(ExtensibilityGlobals) = postSolution
		SolutionGuid = {9765808A-DD6A-4D8C-92CE-DB0BEEF4AA2A}
	EndGlobalSection
EndGlobal
