
Microsoft Visual Studio Solution File, Format Version 12.00
# Visual Studio Version 17
VisualStudioVersion = 17.1.32228.430
MinimumVisualStudioVersion = 10.0.40219.1
Project("{8BC9CEB8-8B4A-11D0-8D11-00A0C91BC942}") = "Greedy Algorithm 7번 문제 거스름돈", "Greedy Algorithm 7번 문제 거스름돈\Greedy Algorithm 7번 문제 거스름돈.vcxproj", "{011B880A-F1CE-4A8D-B1DA-168F0FB5E1AC}"
EndProject
Global
	GlobalSection(SolutionConfigurationPlatforms) = preSolution
		Debug|x64 = Debug|x64
		Debug|x86 = Debug|x86
		Release|x64 = Release|x64
		Release|x86 = Release|x86
	EndGlobalSection
	GlobalSection(ProjectConfigurationPlatforms) = postSolution
		{011B880A-F1CE-4A8D-B1DA-168F0FB5E1AC}.Debug|x64.ActiveCfg = Debug|x64
		{011B880A-F1CE-4A8D-B1DA-168F0FB5E1AC}.Debug|x64.Build.0 = Debug|x64
		{011B880A-F1CE-4A8D-B1DA-168F0FB5E1AC}.Debug|x86.ActiveCfg = Debug|Win32
		{011B880A-F1CE-4A8D-B1DA-168F0FB5E1AC}.Debug|x86.Build.0 = Debug|Win32
		{011B880A-F1CE-4A8D-B1DA-168F0FB5E1AC}.Release|x64.ActiveCfg = Release|x64
		{011B880A-F1CE-4A8D-B1DA-168F0FB5E1AC}.Release|x64.Build.0 = Release|x64
		{011B880A-F1CE-4A8D-B1DA-168F0FB5E1AC}.Release|x86.ActiveCfg = Release|Win32
		{011B880A-F1CE-4A8D-B1DA-168F0FB5E1AC}.Release|x86.Build.0 = Release|Win32
	EndGlobalSection
	GlobalSection(SolutionProperties) = preSolution
		HideSolutionNode = FALSE
	EndGlobalSection
	GlobalSection(ExtensibilityGlobals) = postSolution
		SolutionGuid = {E624F1A0-1B43-465E-BBF6-116633FD7610}
	EndGlobalSection
EndGlobal
