
Microsoft Visual Studio Solution File, Format Version 12.00
# Visual Studio Version 17
VisualStudioVersion = 17.13.35919.96 d17.13
MinimumVisualStudioVersion = 10.0.40219.1
Project("{8BC9CEB8-8B4A-11D0-8D11-00A0C91BC942}") = "테트리스c++version", "테트리스c++version\테트리스c++version.vcxproj", "{23C9E758-A25C-463C-B83F-4205C184ED16}"
EndProject
Global
	GlobalSection(SolutionConfigurationPlatforms) = preSolution
		Debug|x64 = Debug|x64
		Debug|x86 = Debug|x86
		Release|x64 = Release|x64
		Release|x86 = Release|x86
	EndGlobalSection
	GlobalSection(ProjectConfigurationPlatforms) = postSolution
		{23C9E758-A25C-463C-B83F-4205C184ED16}.Debug|x64.ActiveCfg = Debug|x64
		{23C9E758-A25C-463C-B83F-4205C184ED16}.Debug|x64.Build.0 = Debug|x64
		{23C9E758-A25C-463C-B83F-4205C184ED16}.Debug|x86.ActiveCfg = Debug|Win32
		{23C9E758-A25C-463C-B83F-4205C184ED16}.Debug|x86.Build.0 = Debug|Win32
		{23C9E758-A25C-463C-B83F-4205C184ED16}.Release|x64.ActiveCfg = Release|x64
		{23C9E758-A25C-463C-B83F-4205C184ED16}.Release|x64.Build.0 = Release|x64
		{23C9E758-A25C-463C-B83F-4205C184ED16}.Release|x86.ActiveCfg = Release|Win32
		{23C9E758-A25C-463C-B83F-4205C184ED16}.Release|x86.Build.0 = Release|Win32
	EndGlobalSection
	GlobalSection(SolutionProperties) = preSolution
		HideSolutionNode = FALSE
	EndGlobalSection
	GlobalSection(ExtensibilityGlobals) = postSolution
		SolutionGuid = {14140489-674B-4A5D-9A50-DFF0E3D1F25C}
	EndGlobalSection
EndGlobal
