
Microsoft Visual Studio Solution File, Format Version 12.00
# Visual Studio Version 17
VisualStudioVersion = 17.13.35919.96 d17.13
MinimumVisualStudioVersion = 10.0.40219.1
Project("{8BC9CEB8-8B4A-11D0-8D11-00A0C91BC942}") = "4-28수업 복습 및 응용", "4-28수업 복습 및 응용\4-28수업 복습 및 응용.vcxproj", "{2EF5B928-CEA3-45FC-8F7A-FE3CCA27B1AF}"
EndProject
Global
	GlobalSection(SolutionConfigurationPlatforms) = preSolution
		Debug|x64 = Debug|x64
		Debug|x86 = Debug|x86
		Release|x64 = Release|x64
		Release|x86 = Release|x86
	EndGlobalSection
	GlobalSection(ProjectConfigurationPlatforms) = postSolution
		{2EF5B928-CEA3-45FC-8F7A-FE3CCA27B1AF}.Debug|x64.ActiveCfg = Debug|x64
		{2EF5B928-CEA3-45FC-8F7A-FE3CCA27B1AF}.Debug|x64.Build.0 = Debug|x64
		{2EF5B928-CEA3-45FC-8F7A-FE3CCA27B1AF}.Debug|x86.ActiveCfg = Debug|Win32
		{2EF5B928-CEA3-45FC-8F7A-FE3CCA27B1AF}.Debug|x86.Build.0 = Debug|Win32
		{2EF5B928-CEA3-45FC-8F7A-FE3CCA27B1AF}.Release|x64.ActiveCfg = Release|x64
		{2EF5B928-CEA3-45FC-8F7A-FE3CCA27B1AF}.Release|x64.Build.0 = Release|x64
		{2EF5B928-CEA3-45FC-8F7A-FE3CCA27B1AF}.Release|x86.ActiveCfg = Release|Win32
		{2EF5B928-CEA3-45FC-8F7A-FE3CCA27B1AF}.Release|x86.Build.0 = Release|Win32
	EndGlobalSection
	GlobalSection(SolutionProperties) = preSolution
		HideSolutionNode = FALSE
	EndGlobalSection
	GlobalSection(ExtensibilityGlobals) = postSolution
		SolutionGuid = {566600E3-F22D-4BD1-88D6-A5A1FB4EBC40}
	EndGlobalSection
EndGlobal
