
Microsoft Visual Studio Solution File, Format Version 12.00
# Visual Studio Version 17
VisualStudioVersion = 17.13.35825.156 d17.13
MinimumVisualStudioVersion = 10.0.40219.1
Project("{8BC9CEB8-8B4A-11D0-8D11-00A0C91BC942}") = "Linked_list", "Linked_list\Linked_list.vcxproj", "{0862918D-2E6C-4553-A240-EBEC7940FD05}"
EndProject
Global
	GlobalSection(SolutionConfigurationPlatforms) = preSolution
		Debug|x64 = Debug|x64
		Debug|x86 = Debug|x86
		Release|x64 = Release|x64
		Release|x86 = Release|x86
	EndGlobalSection
	GlobalSection(ProjectConfigurationPlatforms) = postSolution
		{0862918D-2E6C-4553-A240-EBEC7940FD05}.Debug|x64.ActiveCfg = Debug|x64
		{0862918D-2E6C-4553-A240-EBEC7940FD05}.Debug|x64.Build.0 = Debug|x64
		{0862918D-2E6C-4553-A240-EBEC7940FD05}.Debug|x86.ActiveCfg = Debug|Win32
		{0862918D-2E6C-4553-A240-EBEC7940FD05}.Debug|x86.Build.0 = Debug|Win32
		{0862918D-2E6C-4553-A240-EBEC7940FD05}.Release|x64.ActiveCfg = Release|x64
		{0862918D-2E6C-4553-A240-EBEC7940FD05}.Release|x64.Build.0 = Release|x64
		{0862918D-2E6C-4553-A240-EBEC7940FD05}.Release|x86.ActiveCfg = Release|Win32
		{0862918D-2E6C-4553-A240-EBEC7940FD05}.Release|x86.Build.0 = Release|Win32
	EndGlobalSection
	GlobalSection(SolutionProperties) = preSolution
		HideSolutionNode = FALSE
	EndGlobalSection
	GlobalSection(ExtensibilityGlobals) = postSolution
		SolutionGuid = {ABED777F-9DF0-4DC9-AB64-2A8A5ED2DA10}
	EndGlobalSection
EndGlobal
