
Microsoft Visual Studio Solution File, Format Version 12.00
# Visual Studio Version 17
VisualStudioVersion = 17.13.35825.156 d17.13
MinimumVisualStudioVersion = 10.0.40219.1
Project("{8BC9CEB8-8B4A-11D0-8D11-00A0C91BC942}") = "dynamic_cast를 이용한 형 변환", "dynamic_cast를 이용한 형 변환\dynamic_cast를 이용한 형 변환.vcxproj", "{03F99DD3-61C4-4362-9136-471ECF2A4DC7}"
EndProject
Global
	GlobalSection(SolutionConfigurationPlatforms) = preSolution
		Debug|x64 = Debug|x64
		Debug|x86 = Debug|x86
		Release|x64 = Release|x64
		Release|x86 = Release|x86
	EndGlobalSection
	GlobalSection(ProjectConfigurationPlatforms) = postSolution
		{03F99DD3-61C4-4362-9136-471ECF2A4DC7}.Debug|x64.ActiveCfg = Debug|x64
		{03F99DD3-61C4-4362-9136-471ECF2A4DC7}.Debug|x64.Build.0 = Debug|x64
		{03F99DD3-61C4-4362-9136-471ECF2A4DC7}.Debug|x86.ActiveCfg = Debug|Win32
		{03F99DD3-61C4-4362-9136-471ECF2A4DC7}.Debug|x86.Build.0 = Debug|Win32
		{03F99DD3-61C4-4362-9136-471ECF2A4DC7}.Release|x64.ActiveCfg = Release|x64
		{03F99DD3-61C4-4362-9136-471ECF2A4DC7}.Release|x64.Build.0 = Release|x64
		{03F99DD3-61C4-4362-9136-471ECF2A4DC7}.Release|x86.ActiveCfg = Release|Win32
		{03F99DD3-61C4-4362-9136-471ECF2A4DC7}.Release|x86.Build.0 = Release|Win32
	EndGlobalSection
	GlobalSection(SolutionProperties) = preSolution
		HideSolutionNode = FALSE
	EndGlobalSection
	GlobalSection(ExtensibilityGlobals) = postSolution
		SolutionGuid = {0CD6F5FB-30DA-4678-B957-CA4469CBAF10}
	EndGlobalSection
EndGlobal
