
Microsoft Visual Studio Solution File, Format Version 12.00
# Visual Studio Version 17
VisualStudioVersion = 17.1.32228.430
MinimumVisualStudioVersion = 10.0.40219.1
Project("{8BC9CEB8-8B4A-11D0-8D11-00A0C91BC942}") = "11-10c언어 복습", "11-10c언어 복습\11-10c언어 복습.vcxproj", "{36C61C4E-AD9F-4F0E-9706-E8F0128F0CAD}"
EndProject
Global
	GlobalSection(SolutionConfigurationPlatforms) = preSolution
		Debug|x64 = Debug|x64
		Debug|x86 = Debug|x86
		Release|x64 = Release|x64
		Release|x86 = Release|x86
	EndGlobalSection
	GlobalSection(ProjectConfigurationPlatforms) = postSolution
		{36C61C4E-AD9F-4F0E-9706-E8F0128F0CAD}.Debug|x64.ActiveCfg = Debug|x64
		{36C61C4E-AD9F-4F0E-9706-E8F0128F0CAD}.Debug|x64.Build.0 = Debug|x64
		{36C61C4E-AD9F-4F0E-9706-E8F0128F0CAD}.Debug|x86.ActiveCfg = Debug|Win32
		{36C61C4E-AD9F-4F0E-9706-E8F0128F0CAD}.Debug|x86.Build.0 = Debug|Win32
		{36C61C4E-AD9F-4F0E-9706-E8F0128F0CAD}.Release|x64.ActiveCfg = Release|x64
		{36C61C4E-AD9F-4F0E-9706-E8F0128F0CAD}.Release|x64.Build.0 = Release|x64
		{36C61C4E-AD9F-4F0E-9706-E8F0128F0CAD}.Release|x86.ActiveCfg = Release|Win32
		{36C61C4E-AD9F-4F0E-9706-E8F0128F0CAD}.Release|x86.Build.0 = Release|Win32
	EndGlobalSection
	GlobalSection(SolutionProperties) = preSolution
		HideSolutionNode = FALSE
	EndGlobalSection
	GlobalSection(ExtensibilityGlobals) = postSolution
		SolutionGuid = {A2B4BC19-7433-4A40-BEEC-9B20B2DEEF33}
	EndGlobalSection
EndGlobal
