
Microsoft Visual Studio Solution File, Format Version 12.00
# Visual Studio Version 17
VisualStudioVersion = 17.13.35919.96 d17.13
MinimumVisualStudioVersion = 10.0.40219.1
Project("{8BC9CEB8-8B4A-11D0-8D11-00A0C91BC942}") = "8-10사이클 감지 문제복습", "8-10사이클 감지 문제복습\8-10사이클 감지 문제복습.vcxproj", "{CF7A08B9-959A-4478-86A5-EBEF4A278046}"
EndProject
Global
	GlobalSection(SolutionConfigurationPlatforms) = preSolution
		Debug|x64 = Debug|x64
		Debug|x86 = Debug|x86
		Release|x64 = Release|x64
		Release|x86 = Release|x86
	EndGlobalSection
	GlobalSection(ProjectConfigurationPlatforms) = postSolution
		{CF7A08B9-959A-4478-86A5-EBEF4A278046}.Debug|x64.ActiveCfg = Debug|x64
		{CF7A08B9-959A-4478-86A5-EBEF4A278046}.Debug|x64.Build.0 = Debug|x64
		{CF7A08B9-959A-4478-86A5-EBEF4A278046}.Debug|x86.ActiveCfg = Debug|Win32
		{CF7A08B9-959A-4478-86A5-EBEF4A278046}.Debug|x86.Build.0 = Debug|Win32
		{CF7A08B9-959A-4478-86A5-EBEF4A278046}.Release|x64.ActiveCfg = Release|x64
		{CF7A08B9-959A-4478-86A5-EBEF4A278046}.Release|x64.Build.0 = Release|x64
		{CF7A08B9-959A-4478-86A5-EBEF4A278046}.Release|x86.ActiveCfg = Release|Win32
		{CF7A08B9-959A-4478-86A5-EBEF4A278046}.Release|x86.Build.0 = Release|Win32
	EndGlobalSection
	GlobalSection(SolutionProperties) = preSolution
		HideSolutionNode = FALSE
	EndGlobalSection
	GlobalSection(ExtensibilityGlobals) = postSolution
		SolutionGuid = {CDEBFEB9-8D92-476E-8E28-8791CB10441F}
	EndGlobalSection
EndGlobal
