
Microsoft Visual Studio Solution File, Format Version 12.00
# Visual Studio Version 17
VisualStudioVersion = 17.1.32228.430
MinimumVisualStudioVersion = 10.0.40219.1
Project("{8BC9CEB8-8B4A-11D0-8D11-00A0C91BC942}") = "브루토포스 알고리즘 3번 연산자 끼워넣기", "브루토포스 알고리즘 3번 연산자 끼워넣기\브루토포스 알고리즘 3번 연산자 끼워넣기.vcxproj", "{63FA84C3-A5CC-41B8-ACD7-EC2C65777F21}"
EndProject
Global
	GlobalSection(SolutionConfigurationPlatforms) = preSolution
		Debug|x64 = Debug|x64
		Debug|x86 = Debug|x86
		Release|x64 = Release|x64
		Release|x86 = Release|x86
	EndGlobalSection
	GlobalSection(ProjectConfigurationPlatforms) = postSolution
		{63FA84C3-A5CC-41B8-ACD7-EC2C65777F21}.Debug|x64.ActiveCfg = Debug|x64
		{63FA84C3-A5CC-41B8-ACD7-EC2C65777F21}.Debug|x64.Build.0 = Debug|x64
		{63FA84C3-A5CC-41B8-ACD7-EC2C65777F21}.Debug|x86.ActiveCfg = Debug|Win32
		{63FA84C3-A5CC-41B8-ACD7-EC2C65777F21}.Debug|x86.Build.0 = Debug|Win32
		{63FA84C3-A5CC-41B8-ACD7-EC2C65777F21}.Release|x64.ActiveCfg = Release|x64
		{63FA84C3-A5CC-41B8-ACD7-EC2C65777F21}.Release|x64.Build.0 = Release|x64
		{63FA84C3-A5CC-41B8-ACD7-EC2C65777F21}.Release|x86.ActiveCfg = Release|Win32
		{63FA84C3-A5CC-41B8-ACD7-EC2C65777F21}.Release|x86.Build.0 = Release|Win32
	EndGlobalSection
	GlobalSection(SolutionProperties) = preSolution
		HideSolutionNode = FALSE
	EndGlobalSection
	GlobalSection(ExtensibilityGlobals) = postSolution
		SolutionGuid = {43D700A5-F3FB-4EA9-9132-AE03A92B0365}
	EndGlobalSection
EndGlobal
