
Microsoft Visual Studio Solution File, Format Version 12.00
# Visual Studio Version 17
VisualStudioVersion = 17.13.35919.96 d17.13
MinimumVisualStudioVersion = 10.0.40219.1
Project("{8BC9CEB8-8B4A-11D0-8D11-00A0C91BC942}") = "4-22연습문제", "4-22연습문제\4-22연습문제.vcxproj", "{866C1774-8711-4534-A525-931DE3556903}"
EndProject
Global
	GlobalSection(SolutionConfigurationPlatforms) = preSolution
		Debug|x64 = Debug|x64
		Debug|x86 = Debug|x86
		Release|x64 = Release|x64
		Release|x86 = Release|x86
	EndGlobalSection
	GlobalSection(ProjectConfigurationPlatforms) = postSolution
		{866C1774-8711-4534-A525-931DE3556903}.Debug|x64.ActiveCfg = Debug|x64
		{866C1774-8711-4534-A525-931DE3556903}.Debug|x64.Build.0 = Debug|x64
		{866C1774-8711-4534-A525-931DE3556903}.Debug|x86.ActiveCfg = Debug|Win32
		{866C1774-8711-4534-A525-931DE3556903}.Debug|x86.Build.0 = Debug|Win32
		{866C1774-8711-4534-A525-931DE3556903}.Release|x64.ActiveCfg = Release|x64
		{866C1774-8711-4534-A525-931DE3556903}.Release|x64.Build.0 = Release|x64
		{866C1774-8711-4534-A525-931DE3556903}.Release|x86.ActiveCfg = Release|Win32
		{866C1774-8711-4534-A525-931DE3556903}.Release|x86.Build.0 = Release|Win32
	EndGlobalSection
	GlobalSection(SolutionProperties) = preSolution
		HideSolutionNode = FALSE
	EndGlobalSection
	GlobalSection(ExtensibilityGlobals) = postSolution
		SolutionGuid = {D163A3AE-435B-47C1-A212-3D8427DB031B}
	EndGlobalSection
EndGlobal
