
Microsoft Visual Studio Solution File, Format Version 12.00
# Visual Studio Version 17
VisualStudioVersion = 17.13.35919.96 d17.13
MinimumVisualStudioVersion = 10.0.40219.1
Project("{8BC9CEB8-8B4A-11D0-8D11-00A0C91BC942}") = "7-14-2", "7-14-2\7-14-2.vcxproj", "{D1B0D7B5-FC8B-4A60-9294-680CD1B433C9}"
EndProject
Global
	GlobalSection(SolutionConfigurationPlatforms) = preSolution
		Debug|x64 = Debug|x64
		Debug|x86 = Debug|x86
		Release|x64 = Release|x64
		Release|x86 = Release|x86
	EndGlobalSection
	GlobalSection(ProjectConfigurationPlatforms) = postSolution
		{D1B0D7B5-FC8B-4A60-9294-680CD1B433C9}.Debug|x64.ActiveCfg = Debug|x64
		{D1B0D7B5-FC8B-4A60-9294-680CD1B433C9}.Debug|x64.Build.0 = Debug|x64
		{D1B0D7B5-FC8B-4A60-9294-680CD1B433C9}.Debug|x86.ActiveCfg = Debug|Win32
		{D1B0D7B5-FC8B-4A60-9294-680CD1B433C9}.Debug|x86.Build.0 = Debug|Win32
		{D1B0D7B5-FC8B-4A60-9294-680CD1B433C9}.Release|x64.ActiveCfg = Release|x64
		{D1B0D7B5-FC8B-4A60-9294-680CD1B433C9}.Release|x64.Build.0 = Release|x64
		{D1B0D7B5-FC8B-4A60-9294-680CD1B433C9}.Release|x86.ActiveCfg = Release|Win32
		{D1B0D7B5-FC8B-4A60-9294-680CD1B433C9}.Release|x86.Build.0 = Release|Win32
	EndGlobalSection
	GlobalSection(SolutionProperties) = preSolution
		HideSolutionNode = FALSE
	EndGlobalSection
	GlobalSection(ExtensibilityGlobals) = postSolution
		SolutionGuid = {8F77FA47-B17F-4E41-95B1-69F12A0CE604}
	EndGlobalSection
EndGlobal
