
Microsoft Visual Studio Solution File, Format Version 12.00
# Visual Studio Version 17
VisualStudioVersion = 17.13.35825.156 d17.13
MinimumVisualStudioVersion = 10.0.40219.1
Project("{8BC9CEB8-8B4A-11D0-8D11-00A0C91BC942}") = "자유 기억 공간의 맴버자료가 포인터인 경우", "자유 기억 공간의 맴버자료가 포인터인 경우\자유 기억 공간의 맴버자료가 포인터인 경우.vcxproj", "{F724CD04-BABC-4B43-B19B-133B1179B9D2}"
EndProject
Global
	GlobalSection(SolutionConfigurationPlatforms) = preSolution
		Debug|x64 = Debug|x64
		Debug|x86 = Debug|x86
		Release|x64 = Release|x64
		Release|x86 = Release|x86
	EndGlobalSection
	GlobalSection(ProjectConfigurationPlatforms) = postSolution
		{F724CD04-BABC-4B43-B19B-133B1179B9D2}.Debug|x64.ActiveCfg = Debug|x64
		{F724CD04-BABC-4B43-B19B-133B1179B9D2}.Debug|x64.Build.0 = Debug|x64
		{F724CD04-BABC-4B43-B19B-133B1179B9D2}.Debug|x86.ActiveCfg = Debug|Win32
		{F724CD04-BABC-4B43-B19B-133B1179B9D2}.Debug|x86.Build.0 = Debug|Win32
		{F724CD04-BABC-4B43-B19B-133B1179B9D2}.Release|x64.ActiveCfg = Release|x64
		{F724CD04-BABC-4B43-B19B-133B1179B9D2}.Release|x64.Build.0 = Release|x64
		{F724CD04-BABC-4B43-B19B-133B1179B9D2}.Release|x86.ActiveCfg = Release|Win32
		{F724CD04-BABC-4B43-B19B-133B1179B9D2}.Release|x86.Build.0 = Release|Win32
	EndGlobalSection
	GlobalSection(SolutionProperties) = preSolution
		HideSolutionNode = FALSE
	EndGlobalSection
	GlobalSection(ExtensibilityGlobals) = postSolution
		SolutionGuid = {784254CC-BE80-4E98-9B31-052A820F14D8}
	EndGlobalSection
EndGlobal
