
Microsoft Visual Studio Solution File, Format Version 12.00
# Visual Studio Version 17
VisualStudioVersion = 17.1.32228.430
MinimumVisualStudioVersion = 10.0.40219.1
Project("{8BC9CEB8-8B4A-11D0-8D11-00A0C91BC942}") = "Project49", "Project49\Project49.vcxproj", "{52CBDD89-7A4F-4FB1-8C60-96E9E0D89CDB}"
EndProject
Global
	GlobalSection(SolutionConfigurationPlatforms) = preSolution
		Debug|x64 = Debug|x64
		Debug|x86 = Debug|x86
		Release|x64 = Release|x64
		Release|x86 = Release|x86
	EndGlobalSection
	GlobalSection(ProjectConfigurationPlatforms) = postSolution
		{52CBDD89-7A4F-4FB1-8C60-96E9E0D89CDB}.Debug|x64.ActiveCfg = Debug|x64
		{52CBDD89-7A4F-4FB1-8C60-96E9E0D89CDB}.Debug|x64.Build.0 = Debug|x64
		{52CBDD89-7A4F-4FB1-8C60-96E9E0D89CDB}.Debug|x86.ActiveCfg = Debug|Win32
		{52CBDD89-7A4F-4FB1-8C60-96E9E0D89CDB}.Debug|x86.Build.0 = Debug|Win32
		{52CBDD89-7A4F-4FB1-8C60-96E9E0D89CDB}.Release|x64.ActiveCfg = Release|x64
		{52CBDD89-7A4F-4FB1-8C60-96E9E0D89CDB}.Release|x64.Build.0 = Release|x64
		{52CBDD89-7A4F-4FB1-8C60-96E9E0D89CDB}.Release|x86.ActiveCfg = Release|Win32
		{52CBDD89-7A4F-4FB1-8C60-96E9E0D89CDB}.Release|x86.Build.0 = Release|Win32
	EndGlobalSection
	GlobalSection(SolutionProperties) = preSolution
		HideSolutionNode = FALSE
	EndGlobalSection
	GlobalSection(ExtensibilityGlobals) = postSolution
		SolutionGuid = {ED466F47-5C02-45F6-B014-27BA44FCB84C}
	EndGlobalSection
EndGlobal
