
Microsoft Visual Studio Solution File, Format Version 12.00
# Visual Studio Version 17
VisualStudioVersion = 17.1.32228.430
MinimumVisualStudioVersion = 10.0.40219.1
Project("{8BC9CEB8-8B4A-11D0-8D11-00A0C91BC942}") = "binary search 크기 순서대로 배열", "binary search 크기 순서대로 배열\binary search 크기 순서대로 배열.vcxproj", "{3B983D53-0B13-4568-ABA4-28EB58F92BF6}"
EndProject
Global
	GlobalSection(SolutionConfigurationPlatforms) = preSolution
		Debug|x64 = Debug|x64
		Debug|x86 = Debug|x86
		Release|x64 = Release|x64
		Release|x86 = Release|x86
	EndGlobalSection
	GlobalSection(ProjectConfigurationPlatforms) = postSolution
		{3B983D53-0B13-4568-ABA4-28EB58F92BF6}.Debug|x64.ActiveCfg = Debug|x64
		{3B983D53-0B13-4568-ABA4-28EB58F92BF6}.Debug|x64.Build.0 = Debug|x64
		{3B983D53-0B13-4568-ABA4-28EB58F92BF6}.Debug|x86.ActiveCfg = Debug|Win32
		{3B983D53-0B13-4568-ABA4-28EB58F92BF6}.Debug|x86.Build.0 = Debug|Win32
		{3B983D53-0B13-4568-ABA4-28EB58F92BF6}.Release|x64.ActiveCfg = Release|x64
		{3B983D53-0B13-4568-ABA4-28EB58F92BF6}.Release|x64.Build.0 = Release|x64
		{3B983D53-0B13-4568-ABA4-28EB58F92BF6}.Release|x86.ActiveCfg = Release|Win32
		{3B983D53-0B13-4568-ABA4-28EB58F92BF6}.Release|x86.Build.0 = Release|Win32
	EndGlobalSection
	GlobalSection(SolutionProperties) = preSolution
		HideSolutionNode = FALSE
	EndGlobalSection
	GlobalSection(ExtensibilityGlobals) = postSolution
		SolutionGuid = {A085549F-B567-4B50-B7FE-38CA2EA1008E}
	EndGlobalSection
EndGlobal
