
Microsoft Visual Studio Solution File, Format Version 12.00
# Visual Studio Version 17
VisualStudioVersion = 17.1.32228.430
MinimumVisualStudioVersion = 10.0.40219.1
Project("{8BC9CEB8-8B4A-11D0-8D11-00A0C91BC942}") = "영화관 프로젝트6", "영화관 프로젝트6\영화관 프로젝트6.vcxproj", "{9A33274F-313A-4191-ACD4-1BEA52AE659F}"
EndProject
Global
	GlobalSection(SolutionConfigurationPlatforms) = preSolution
		Debug|x64 = Debug|x64
		Debug|x86 = Debug|x86
		Release|x64 = Release|x64
		Release|x86 = Release|x86
	EndGlobalSection
	GlobalSection(ProjectConfigurationPlatforms) = postSolution
		{9A33274F-313A-4191-ACD4-1BEA52AE659F}.Debug|x64.ActiveCfg = Debug|x64
		{9A33274F-313A-4191-ACD4-1BEA52AE659F}.Debug|x64.Build.0 = Debug|x64
		{9A33274F-313A-4191-ACD4-1BEA52AE659F}.Debug|x86.ActiveCfg = Debug|Win32
		{9A33274F-313A-4191-ACD4-1BEA52AE659F}.Debug|x86.Build.0 = Debug|Win32
		{9A33274F-313A-4191-ACD4-1BEA52AE659F}.Release|x64.ActiveCfg = Release|x64
		{9A33274F-313A-4191-ACD4-1BEA52AE659F}.Release|x64.Build.0 = Release|x64
		{9A33274F-313A-4191-ACD4-1BEA52AE659F}.Release|x86.ActiveCfg = Release|Win32
		{9A33274F-313A-4191-ACD4-1BEA52AE659F}.Release|x86.Build.0 = Release|Win32
	EndGlobalSection
	GlobalSection(SolutionProperties) = preSolution
		HideSolutionNode = FALSE
	EndGlobalSection
	GlobalSection(ExtensibilityGlobals) = postSolution
		SolutionGuid = {6D383053-A108-42DE-87EC-F6F69952391B}
	EndGlobalSection
EndGlobal
