
Microsoft Visual Studio Solution File, Format Version 12.00
# Visual Studio Version 17
VisualStudioVersion = 17.13.35919.96 d17.13
MinimumVisualStudioVersion = 10.0.40219.1
Project("{8BC9CEB8-8B4A-11D0-8D11-00A0C91BC942}") = "7-22백준 코딩 문제", "7-22백준 코딩 문제\7-22백준 코딩 문제.vcxproj", "{433AB17F-C305-4E3D-B60F-27CAFFCF5F91}"
EndProject
Global
	GlobalSection(SolutionConfigurationPlatforms) = preSolution
		Debug|x64 = Debug|x64
		Debug|x86 = Debug|x86
		Release|x64 = Release|x64
		Release|x86 = Release|x86
	EndGlobalSection
	GlobalSection(ProjectConfigurationPlatforms) = postSolution
		{433AB17F-C305-4E3D-B60F-27CAFFCF5F91}.Debug|x64.ActiveCfg = Debug|x64
		{433AB17F-C305-4E3D-B60F-27CAFFCF5F91}.Debug|x64.Build.0 = Debug|x64
		{433AB17F-C305-4E3D-B60F-27CAFFCF5F91}.Debug|x86.ActiveCfg = Debug|Win32
		{433AB17F-C305-4E3D-B60F-27CAFFCF5F91}.Debug|x86.Build.0 = Debug|Win32
		{433AB17F-C305-4E3D-B60F-27CAFFCF5F91}.Release|x64.ActiveCfg = Release|x64
		{433AB17F-C305-4E3D-B60F-27CAFFCF5F91}.Release|x64.Build.0 = Release|x64
		{433AB17F-C305-4E3D-B60F-27CAFFCF5F91}.Release|x86.ActiveCfg = Release|Win32
		{433AB17F-C305-4E3D-B60F-27CAFFCF5F91}.Release|x86.Build.0 = Release|Win32
	EndGlobalSection
	GlobalSection(SolutionProperties) = preSolution
		HideSolutionNode = FALSE
	EndGlobalSection
	GlobalSection(ExtensibilityGlobals) = postSolution
		SolutionGuid = {597C49C7-4A26-49E1-BB4F-F42237A224DC}
	EndGlobalSection
EndGlobal
