
Microsoft Visual Studio Solution File, Format Version 12.00
# Visual Studio Version 17
VisualStudioVersion = 17.13.35919.96 d17.13
MinimumVisualStudioVersion = 10.0.40219.1
Project("{8BC9CEB8-8B4A-11D0-8D11-00A0C91BC942}") = "테트리스 프로젝트(오류존재)", "테트리스 프로젝트(오류존재)\테트리스 프로젝트(오류존재).vcxproj", "{14C536B3-0D69-4DC6-AB58-0AD8E8ECC51B}"
EndProject
Global
	GlobalSection(SolutionConfigurationPlatforms) = preSolution
		Debug|x64 = Debug|x64
		Debug|x86 = Debug|x86
		Release|x64 = Release|x64
		Release|x86 = Release|x86
	EndGlobalSection
	GlobalSection(ProjectConfigurationPlatforms) = postSolution
		{14C536B3-0D69-4DC6-AB58-0AD8E8ECC51B}.Debug|x64.ActiveCfg = Debug|x64
		{14C536B3-0D69-4DC6-AB58-0AD8E8ECC51B}.Debug|x64.Build.0 = Debug|x64
		{14C536B3-0D69-4DC6-AB58-0AD8E8ECC51B}.Debug|x86.ActiveCfg = Debug|Win32
		{14C536B3-0D69-4DC6-AB58-0AD8E8ECC51B}.Debug|x86.Build.0 = Debug|Win32
		{14C536B3-0D69-4DC6-AB58-0AD8E8ECC51B}.Release|x64.ActiveCfg = Release|x64
		{14C536B3-0D69-4DC6-AB58-0AD8E8ECC51B}.Release|x64.Build.0 = Release|x64
		{14C536B3-0D69-4DC6-AB58-0AD8E8ECC51B}.Release|x86.ActiveCfg = Release|Win32
		{14C536B3-0D69-4DC6-AB58-0AD8E8ECC51B}.Release|x86.Build.0 = Release|Win32
	EndGlobalSection
	GlobalSection(SolutionProperties) = preSolution
		HideSolutionNode = FALSE
	EndGlobalSection
	GlobalSection(ExtensibilityGlobals) = postSolution
		SolutionGuid = {80A95CCE-3CF7-4BD4-B919-6D00FEBD8576}
	EndGlobalSection
EndGlobal
