
Microsoft Visual Studio Solution File, Format Version 12.00
# Visual Studio Version 17
VisualStudioVersion = 17.13.35919.96 d17.13
MinimumVisualStudioVersion = 10.0.40219.1
Project("{8BC9CEB8-8B4A-11D0-8D11-00A0C91BC942}") = "세 용액 2차시도", "세 용액 2차시도\세 용액 2차시도.vcxproj", "{9C85C80F-C649-4B67-971E-116290717F04}"
EndProject
Global
	GlobalSection(SolutionConfigurationPlatforms) = preSolution
		Debug|x64 = Debug|x64
		Debug|x86 = Debug|x86
		Release|x64 = Release|x64
		Release|x86 = Release|x86
	EndGlobalSection
	GlobalSection(ProjectConfigurationPlatforms) = postSolution
		{9C85C80F-C649-4B67-971E-116290717F04}.Debug|x64.ActiveCfg = Debug|x64
		{9C85C80F-C649-4B67-971E-116290717F04}.Debug|x64.Build.0 = Debug|x64
		{9C85C80F-C649-4B67-971E-116290717F04}.Debug|x86.ActiveCfg = Debug|Win32
		{9C85C80F-C649-4B67-971E-116290717F04}.Debug|x86.Build.0 = Debug|Win32
		{9C85C80F-C649-4B67-971E-116290717F04}.Release|x64.ActiveCfg = Release|x64
		{9C85C80F-C649-4B67-971E-116290717F04}.Release|x64.Build.0 = Release|x64
		{9C85C80F-C649-4B67-971E-116290717F04}.Release|x86.ActiveCfg = Release|Win32
		{9C85C80F-C649-4B67-971E-116290717F04}.Release|x86.Build.0 = Release|Win32
	EndGlobalSection
	GlobalSection(SolutionProperties) = preSolution
		HideSolutionNode = FALSE
	EndGlobalSection
	GlobalSection(ExtensibilityGlobals) = postSolution
		SolutionGuid = {0A4F8687-B030-4A21-9D52-9A4011C1B223}
	EndGlobalSection
EndGlobal
